// !$*UTF8*$!
{
	archiveVersion = 1;
	classes = {
	};
	objectVersion = 46;
	objects = {

/* Begin PBXBuildFile section */
		105DB97519FE228D00A28A72 /* main.m in Sources */ = {isa = PBXBuildFile; fileRef = 105DB97419FE228D00A28A72 /* main.m */; };
		105DB97819FE228D00A28A72 /* AppDelegate.m in Sources */ = {isa = PBXBuildFile; fileRef = 105DB97719FE228D00A28A72 /* AppDelegate.m */; };
		105DB97B19FE228D00A28A72 /* ViewController.m in Sources */ = {isa = PBXBuildFile; fileRef = 105DB97A19FE228D00A28A72 /* ViewController.m */; };
		105DB97E19FE228D00A28A72 /* Main.storyboard in Resources */ = {isa = PBXBuildFile; fileRef = 105DB97C19FE228D00A28A72 /* Main.storyboard */; };
		105DB98019FE228D00A28A72 /* Images.xcassets in Resources */ = {isa = PBXBuildFile; fileRef = 105DB97F19FE228D00A28A72 /* Images.xcassets */; };
		105DB98319FE228D00A28A72 /* LaunchScreen.xib in Resources */ = {isa = PBXBuildFile; fileRef = 105DB98119FE228D00A28A72 /* LaunchScreen.xib */; };
		105DB98F19FE228D00A28A72 /* demoTests.m in Sources */ = {isa = PBXBuildFile; fileRef = 105DB98E19FE228D00A28A72 /* demoTests.m */; };
		105DBC3719FF37EF00A28A72 /* ball.png in Resources */ = {isa = PBXBuildFile; fileRef = 105DBC3619FF37EF00A28A72 /* ball.png */; };
		105DBC3919FF383200A28A72 /* QuartzCore.framework in Frameworks */ = {isa = PBXBuildFile; fileRef = 105DBC3819FF383200A28A72 /* QuartzCore.framework */; };
		DDF4AC98141F511032760495 /* libPods.a in Frameworks */ = {isa = PBXBuildFile; fileRef = C3DD2B48D65620B1636398A5 /* libPods.a */; };
/* End PBXBuildFile section */

/* Begin PBXContainerItemProxy section */
		105DB98919FE228D00A28A72 /* PBXContainerItemProxy */ = {
			isa = PBXContainerItemProxy;
			containerPortal = 105DB96719FE228D00A28A72 /* Project object */;
			proxyType = 1;
			remoteGlobalIDString = 105DB96E19FE228D00A28A72;
			remoteInfo = demo;
		};
/* End PBXContainerItemProxy section */

/* Begin PBXFileReference section */
		105DB96F19FE228D00A28A72 /* demo.app */ = {isa = PBXFileReference; explicitFileType = wrapper.application; includeInIndex = 0; path = demo.app; sourceTree = BUILT_PRODUCTS_DIR; };
		105DB97319FE228D00A28A72 /* Info.plist */ = {isa = PBXFileReference; lastKnownFileType = text.plist.xml; path = Info.plist; sourceTree = "<group>"; };
		105DB97419FE228D00A28A72 /* main.m */ = {isa = PBXFileReference; lastKnownFileType = sourcecode.c.objc; path = main.m; sourceTree = "<group>"; };
		105DB97619FE228D00A28A72 /* AppDelegate.h */ = {isa = PBXFileReference; lastKnownFileType = sourcecode.c.h; path = AppDelegate.h; sourceTree = "<group>"; };
		105DB97719FE228D00A28A72 /* AppDelegate.m */ = {isa = PBXFileReference; lastKnownFileType = sourcecode.c.objc; path = AppDelegate.m; sourceTree = "<group>"; };
		105DB97919FE228D00A28A72 /* ViewController.h */ = {isa = PBXFileReference; lastKnownFileType = sourcecode.c.h; path = ViewController.h; sourceTree = "<group>"; };
		105DB97A19FE228D00A28A72 /* ViewController.m */ = {isa = PBXFileReference; lastKnownFileType = sourcecode.c.objc; path = ViewController.m; sourceTree = "<group>"; };
		105DB97D19FE228D00A28A72 /* Base */ = {isa = PBXFileReference; lastKnownFileType = file.storyboard; name = Base; path = Base.lproj/Main.storyboard; sourceTree = "<group>"; };
		105DB97F19FE228D00A28A72 /* Images.xcassets */ = {isa = PBXFileReference; lastKnownFileType = folder.assetcatalog; path = Images.xcassets; sourceTree = "<group>"; };
		105DB98219FE228D00A28A72 /* Base */ = {isa = PBXFileReference; lastKnownFileType = file.xib; name = Base; path = Base.lproj/LaunchScreen.xib; sourceTree = "<group>"; };
		105DB98819FE228D00A28A72 /* demoTests.xctest */ = {isa = PBXFileReference; explicitFileType = wrapper.cfbundle; includeInIndex = 0; path = demoTests.xctest; sourceTree = BUILT_PRODUCTS_DIR; };
		105DB98D19FE228D00A28A72 /* Info.plist */ = {isa = PBXFileReference; lastKnownFileType = text.plist.xml; path = Info.plist; sourceTree = "<group>"; };
		105DB98E19FE228D00A28A72 /* demoTests.m */ = {isa = PBXFileReference; lastKnownFileType = sourcecode.c.objc; path = demoTests.m; sourceTree = "<group>"; };
		105DBC3619FF37EF00A28A72 /* ball.png */ = {isa = PBXFileReference; lastKnownFileType = image.png; name = ball.png; path = demo/ball.png; sourceTree = "<group>"; };
		105DBC3819FF383200A28A72 /* QuartzCore.framework */ = {isa = PBXFileReference; lastKnownFileType = wrapper.framework; name = QuartzCore.framework; path = System/Library/Frameworks/QuartzCore.framework; sourceTree = SDKROOT; };
		111C32461F531BFFA3D80158 /* Pods.release.xcconfig */ = {isa = PBXFileReference; includeInIndex = 1; lastKnownFileType = text.xcconfig; name = Pods.release.xcconfig; path = "Pods/Target Support Files/Pods/Pods.release.xcconfig"; sourceTree = "<group>"; };
		B946DAE782D332CDADDAE8F9 /* Pods.debug.xcconfig */ = {isa = PBXFileReference; includeInIndex = 1; lastKnownFileType = text.xcconfig; name = Pods.debug.xcconfig; path = "Pods/Target Support Files/Pods/Pods.debug.xcconfig"; sourceTree = "<group>"; };
		C3DD2B48D65620B1636398A5 /* libPods.a */ = {isa = PBXFileReference; explicitFileType = archive.ar; includeInIndex = 0; path = libPods.a; sourceTree = BUILT_PRODUCTS_DIR; };
/* End PBXFileReference section */

/* Begin PBXFrameworksBuildPhase section */
		105DB96C19FE228D00A28A72 /* Frameworks */ = {
			isa = PBXFrameworksBuildPhase;
			buildActionMask = 2147483647;
			files = (
				105DBC3919FF383200A28A72 /* QuartzCore.framework in Frameworks */,
				DDF4AC98141F511032760495 /* libPods.a in Frameworks */,
			);
			runOnlyForDeploymentPostprocessing = 0;
		};
		105DB98519FE228D00A28A72 /* Frameworks */ = {
			isa = PBXFrameworksBuildPhase;
			buildActionMask = 2147483647;
			files = (
			);
			runOnlyForDeploymentPostprocessing = 0;
		};
/* End PBXFrameworksBuildPhase section */

/* Begin PBXGroup section */
		105DB96619FE228D00A28A72 = {
			isa = PBXGroup;
			children = (
				105DBC3619FF37EF00A28A72 /* ball.png */,
				105DB97119FE228D00A28A72 /* demo */,
				105DB98B19FE228D00A28A72 /* demoTests */,
				105DB97019FE228D00A28A72 /* Products */,
				4F663FF958786A44528BFB71 /* Pods */,
				4667110F53477819BC329981 /* Frameworks */,
			);
			sourceTree = "<group>";
		};
		105DB97019FE228D00A28A72 /* Products */ = {
			isa = PBXGroup;
			children = (
				105DB96F19FE228D00A28A72 /* demo.app */,
				105DB98819FE228D00A28A72 /* demoTests.xctest */,
			);
			name = Products;
			sourceTree = "<group>";
		};
		105DB97119FE228D00A28A72 /* demo */ = {
			isa = PBXGroup;
			children = (
				105DB97619FE228D00A28A72 /* AppDelegate.h */,
				105DB97719FE228D00A28A72 /* AppDelegate.m */,
				105DB97919FE228D00A28A72 /* ViewController.h */,
				105DB97A19FE228D00A28A72 /* ViewController.m */,
				105DB97C19FE228D00A28A72 /* Main.storyboard */,
				105DB97F19FE228D00A28A72 /* Images.xcassets */,
				105DB98119FE228D00A28A72 /* LaunchScreen.xib */,
				105DB97219FE228D00A28A72 /* Supporting Files */,
			);
			path = demo;
			sourceTree = "<group>";
		};
		105DB97219FE228D00A28A72 /* Supporting Files */ = {
			isa = PBXGroup;
			children = (
				105DB97319FE228D00A28A72 /* Info.plist */,
				105DB97419FE228D00A28A72 /* main.m */,
			);
			name = "Supporting Files";
			sourceTree = "<group>";
		};
		105DB98B19FE228D00A28A72 /* demoTests */ = {
			isa = PBXGroup;
			children = (
				105DB98E19FE228D00A28A72 /* demoTests.m */,
				105DB98C19FE228D00A28A72 /* Supporting Files */,
			);
			path = demoTests;
			sourceTree = "<group>";
		};
		105DB98C19FE228D00A28A72 /* Supporting Files */ = {
			isa = PBXGroup;
			children = (
				105DB98D19FE228D00A28A72 /* Info.plist */,
			);
			name = "Supporting Files";
			sourceTree = "<group>";
		};
		4667110F53477819BC329981 /* Frameworks */ = {
			isa = PBXGroup;
			children = (
				105DBC3819FF383200A28A72 /* QuartzCore.framework */,
				C3DD2B48D65620B1636398A5 /* libPods.a */,
			);
			name = Frameworks;
			sourceTree = "<group>";
		};
		4F663FF958786A44528BFB71 /* Pods */ = {
			isa = PBXGroup;
			children = (
				B946DAE782D332CDADDAE8F9 /* Pods.debug.xcconfig */,
				111C32461F531BFFA3D80158 /* Pods.release.xcconfig */,
			);
			name = Pods;
			sourceTree = "<group>";
		};
/* End PBXGroup section */

/* Begin PBXNativeTarget section */
		105DB96E19FE228D00A28A72 /* demo */ = {
			isa = PBXNativeTarget;
			buildConfigurationList = 105DB99219FE228D00A28A72 /* Build configuration list for PBXNativeTarget "demo" */;
			buildPhases = (
				BC37EC14CEF1A9F627BF927B /* Check Pods Manifest.lock */,
				105DB96B19FE228D00A28A72 /* Sources */,
				105DB96C19FE228D00A28A72 /* Frameworks */,
				105DB96D19FE228D00A28A72 /* Resources */,
				6BDDECEE31133EACEDFA1ABD /* Copy Pods Resources */,
			);
			buildRules = (
			);
			dependencies = (
			);
			name = demo;
			productName = demo;
			productReference = 105DB96F19FE228D00A28A72 /* demo.app */;
			productType = "com.apple.product-type.application";
		};
		105DB98719FE228D00A28A72 /* demoTests */ = {
			isa = PBXNativeTarget;
			buildConfigurationList = 105DB99519FE228D00A28A72 /* Build configuration list for PBXNativeTarget "demoTests" */;
			buildPhases = (
				105DB98419FE228D00A28A72 /* Sources */,
				105DB98519FE228D00A28A72 /* Frameworks */,
				105DB98619FE228D00A28A72 /* Resources */,
			);
			buildRules = (
			);
			dependencies = (
				105DB98A19FE228D00A28A72 /* PBXTargetDependency */,
			);
			name = demoTests;
			productName = demoTests;
			productReference = 105DB98819FE228D00A28A72 /* demoTests.xctest */;
			productType = "com.apple.product-type.bundle.unit-test";
		};
/* End PBXNativeTarget section */

/* Begin PBXProject section */
		105DB96719FE228D00A28A72 /* Project object */ = {
			isa = PBXProject;
			attributes = {
				LastUpgradeCheck = 0600;
				ORGANIZATIONNAME = kiranjith;
				TargetAttributes = {
					105DB96E19FE228D00A28A72 = {
						CreatedOnToolsVersion = 6.0.1;
					};
					105DB98719FE228D00A28A72 = {
						CreatedOnToolsVersion = 6.0.1;
						TestTargetID = 105DB96E19FE228D00A28A72;
					};
				};
			};
			buildConfigurationList = 105DB96A19FE228D00A28A72 /* Build configuration list for PBXProject "demo" */;
			compatibilityVersion = "Xcode 3.2";
			developmentRegion = English;
			hasScannedForEncodings = 0;
			knownRegions = (
				en,
				Base,
			);
			mainGroup = 105DB96619FE228D00A28A72;
			productRefGroup = 105DB97019FE228D00A28A72 /* Products */;
			projectDirPath = "";
			projectRoot = "";
			targets = (
				105DB96E19FE228D00A28A72 /* demo */,
				105DB98719FE228D00A28A72 /* demoTests */,
			);
		};
/* End PBXProject section */

/* Begin PBXResourcesBuildPhase section */
		105DB96D19FE228D00A28A72 /* Resources */ = {
			isa = PBXResourcesBuildPhase;
			buildActionMask = 2147483647;
			files = (
				105DB97E19FE228D00A28A72 /* Main.storyboard in Resources */,
				105DB98319FE228D00A28A72 /* LaunchScreen.xib in Resources */,
				105DBC3719FF37EF00A28A72 /* ball.png in Resources */,
				105DB98019FE228D00A28A72 /* Images.xcassets in Resources */,
			);
			runOnlyForDeploymentPostprocessing = 0;
		};
		105DB98619FE228D00A28A72 /* Resources */ = {
			isa = PBXResourcesBuildPhase;
			buildActionMask = 2147483647;
			files = (
			);
			runOnlyForDeploymentPostprocessing = 0;
		};
/* End PBXResourcesBuildPhase section */

/* Begin PBXShellScriptBuildPhase section */
		6BDDECEE31133EACEDFA1ABD /* Copy Pods Resources */ = {
			isa = PBXShellScriptBuildPhase;
			buildActionMask = 2147483647;
			files = (
			);
			inputPaths = (
			);
			name = "Copy Pods Resources";
			outputPaths = (
			);
			runOnlyForDeploymentPostprocessing = 0;
			shellPath = /bin/sh;
			shellScript = "\"${SRCROOT}/Pods/Target Support Files/Pods/Pods-resources.sh\"\n";
			showEnvVarsInLog = 0;
		};
		BC37EC14CEF1A9F627BF927B /* Check Pods Manifest.lock */ = {
			isa = PBXShellScriptBuildPhase;
			buildActionMask = 2147483647;
			files = (
			);
			inputPaths = (
			);
			name = "Check Pods Manifest.lock";
			outputPaths = (
			);
			runOnlyForDeploymentPostprocessing = 0;
			shellPath = /bin/sh;
			shellScript = "diff \"${PODS_ROOT}/../Podfile.lock\" \"${PODS_ROOT}/Manifest.lock\" > /dev/null\nif [[ $? != 0 ]] ; then\n    cat << EOM\nerror: The sandbox is not in sync with the Podfile.lock. Run 'pod install' or update your CocoaPods installation.\nEOM\n    exit 1\nfi\n";
			showEnvVarsInLog = 0;
		};
/* End PBXShellScriptBuildPhase section */

/* Begin PBXSourcesBuildPhase section */
		105DB96B19FE228D00A28A72 /* Sources */ = {
			isa = PBXSourcesBuildPhase;
			buildActionMask = 2147483647;
			files = (
				105DB97B19FE228D00A28A72 /* ViewController.m in Sources */,
				105DB97819FE228D00A28A72 /* AppDelegate.m in Sources */,
				105DB97519FE228D00A28A72 /* main.m in Sources */,
			);
			runOnlyForDeploymentPostprocessing = 0;
		};
		105DB98419FE228D00A28A72 /* Sources */ = {
			isa = PBXSourcesBuildPhase;
			buildActionMask = 2147483647;
			files = (
				105DB98F19FE228D00A28A72 /* demoTests.m in Sources */,
			);
			runOnlyForDeploymentPostprocessing = 0;
		};
/* End PBXSourcesBuildPhase section */

/* Begin PBXTargetDependency section */
		105DB98A19FE228D00A28A72 /* PBXTargetDependency */ = {
			isa = PBXTargetDependency;
			target = 105DB96E19FE228D00A28A72 /* demo */;
			targetProxy = 105DB98919FE228D00A28A72 /* PBXContainerItemProxy */;
		};
/* End PBXTargetDependency section */

/* Begin PBXVariantGroup section */
		105DB97C19FE228D00A28A72 /* Main.storyboard */ = {
			isa = PBXVariantGroup;
			children = (
				105DB97D19FE228D00A28A72 /* Base */,
			);
			name = Main.storyboard;
			sourceTree = "<group>";
		};
		105DB98119FE228D00A28A72 /* LaunchScreen.xib */ = {
			isa = PBXVariantGroup;
			children = (
				105DB98219FE228D00A28A72 /* Base */,
			);
			name = LaunchScreen.xib;
			sourceTree = "<group>";
		};
/* End PBXVariantGroup section */

/* Begin XCBuildConfiguration section */
		105DB99019FE228D00A28A72 /* Debug */ = {
			isa = XCBuildConfiguration;
			buildSettings = {
				ALWAYS_SEARCH_USER_PATHS = NO;
				CLANG_CXX_LANGUAGE_STANDARD = "gnu++0x";
				CLANG_CXX_LIBRARY = "libc++";
				CLANG_ENABLE_MODULES = YES;
				CLANG_ENABLE_OBJC_ARC = YES;
				CLANG_WARN_BOOL_CONVERSION = YES;
				CLANG_WARN_CONSTANT_CONVERSION = YES;
				CLANG_WARN_DIRECT_OBJC_ISA_USAGE = YES_ERROR;
				CLANG_WARN_EMPTY_BODY = YES;
				CLANG_WARN_ENUM_CONVERSION = YES;
				CLANG_WARN_INT_CONVERSION = YES;
				CLANG_WARN_OBJC_ROOT_CLASS = YES_ERROR;
				CLANG_WARN_UNREACHABLE_CODE = YES;
				CLANG_WARN__DUPLICATE_METHOD_MATCH = YES;
				CODE_SIGN_IDENTITY = "iPhone Developer: PRATHAPAN SETHUMAPHAVAN (YBMVHB2Q9N)";
				"CODE_SIGN_IDENTITY[sdk=iphoneos*]" = "iPhone Developer: PRATHAPAN SETHUMAPHAVAN (YBMVHB2Q9N)";
				COPY_PHASE_STRIP = NO;
				ENABLE_STRICT_OBJC_MSGSEND = YES;
				GCC_C_LANGUAGE_STANDARD = gnu99;
				GCC_DYNAMIC_NO_PIC = NO;
				GCC_OPTIMIZATION_LEVEL = 0;
				GCC_PREPROCESSOR_DEFINITIONS = (
					"DEBUG=1",
					"$(inherited)",
				);
				GCC_SYMBOLS_PRIVATE_EXTERN = NO;
				GCC_WARN_64_TO_32_BIT_CONVERSION = YES;
				GCC_WARN_ABOUT_RETURN_TYPE = YES_ERROR;
				GCC_WARN_UNDECLARED_SELECTOR = YES;
				GCC_WARN_UNINITIALIZED_AUTOS = YES_AGGRESSIVE;
				GCC_WARN_UNUSED_FUNCTION = YES;
				GCC_WARN_UNUSED_VARIABLE = YES;
				IPHONEOS_DEPLOYMENT_TARGET = 8.0;
				MTL_ENABLE_DEBUG_INFO = YES;
				ONLY_ACTIVE_ARCH = YES;
				PROVISIONING_PROFILE = "968CD3E5-7F99-4CF8-B66F-A8509069A540";
				SDKROOT = iphoneos;
			};
			name = Debug;
		};
		105DB99119FE228D00A28A72 /* Release */ = {
			isa = XCBuildConfiguration;
			buildSettings = {
				ALWAYS_SEARCH_USER_PATHS = NO;
				CLANG_CXX_LANGUAGE_STANDARD = "gnu++0x";
				CLANG_CXX_LIBRARY = "libc++";
				CLANG_ENABLE_MODULES = YES;
				CLANG_ENABLE_OBJC_ARC = YES;
				CLANG_WARN_BOOL_CONVERSION = YES;
				CLANG_WARN_CONSTANT_CONVERSION = YES;
				CLANG_WARN_DIRECT_OBJC_ISA_USAGE = YES_ERROR;
				CLANG_WARN_EMPTY_BODY = YES;
				CLANG_WARN_ENUM_CONVERSION = YES;
				CLANG_WARN_INT_CONVERSION = YES;
				CLANG_WARN_OBJC_ROOT_CLASS = YES_ERROR;
				CLANG_WARN_UNREACHABLE_CODE = YES;
				CLANG_WARN__DUPLICATE_METHOD_MATCH = YES;
				CODE_SIGN_IDENTITY = "iPhone Developer: PRATHAPAN SETHUMAPHAVAN (YBMVHB2Q9N)";
				"CODE_SIGN_IDENTITY[sdk=iphoneos*]" = "iPhone Developer: PRATHAPAN SETHUMAPHAVAN (YBMVHB2Q9N)";
				COPY_PHASE_STRIP = YES;
				ENABLE_NS_ASSERTIONS = NO;
				ENABLE_STRICT_OBJC_MSGSEND = YES;
				GCC_C_LANGUAGE_STANDARD = gnu99;
				GCC_WARN_64_TO_32_BIT_CONVERSION = YES;
				GCC_WARN_ABOUT_RETURN_TYPE = YES_ERROR;
				GCC_WARN_UNDECLARED_SELECTOR = YES;
				GCC_WARN_UNINITIALIZED_AUTOS = YES_AGGRESSIVE;
				GCC_WARN_UNUSED_FUNCTION = YES;
				GCC_WARN_UNUSED_VARIABLE = YES;
				IPHONEOS_DEPLOYMENT_TARGET = 8.0;
				MTL_ENABLE_DEBUG_INFO = NO;
				PROVISIONING_PROFILE = "968CD3E5-7F99-4CF8-B66F-A8509069A540";
				SDKROOT = iphoneos;
				VALIDATE_PRODUCT = YES;
			};
			name = Release;
		};
		105DB99319FE228D00A28A72 /* Debug */ = {
			isa = XCBuildConfiguration;
			baseConfigurationReference = B946DAE782D332CDADDAE8F9 /* Pods.debug.xcconfig */;
			buildSettings = {
				ASSETCATALOG_COMPILER_APPICON_NAME = AppIcon;
				CODE_SIGN_IDENTITY = "iPhone Developer: PRATHAPAN SETHUMAPHAVAN (YBMVHB2Q9N)";
				"CODE_SIGN_IDENTITY[sdk=iphoneos*]" = "iPhone Developer: PRATHAPAN SETHUMAPHAVAN (YBMVHB2Q9N)";
				INFOPLIST_FILE = demo/Info.plist;
				IPHONEOS_DEPLOYMENT_TARGET = 7.1;
				LD_RUNPATH_SEARCH_PATHS = "$(inherited) @executable_path/Frameworks";
				PRODUCT_NAME = "$(TARGET_NAME)";
				PROVISIONING_PROFILE = "968CD3E5-7F99-4CF8-B66F-A8509069A540";
			};
			name = Debug;
		};
		105DB99419FE228D00A28A72 /* Release */ = {
			isa = XCBuildConfiguration;
			baseConfigurationReference = 111C32461F531BFFA3D80158 /* Pods.release.xcconfig */;
			buildSettings = {
				ASSETCATALOG_COMPILER_APPICON_NAME = AppIcon;
				CODE_SIGN_IDENTITY = "iPhone Developer: PRATHAPAN SETHUMAPHAVAN (YBMVHB2Q9N)";
				"CODE_SIGN_IDENTITY[sdk=iphoneos*]" = "iPhone Developer: PRATHAPAN SETHUMAPHAVAN (YBMVHB2Q9N)";
				INFOPLIST_FILE = demo/Info.plist;
				IPHONEOS_DEPLOYMENT_TARGET = 7.1;
				LD_RUNPATH_SEARCH_PATHS = "$(inherited) @executable_path/Frameworks";
				PRODUCT_NAME = "$(TARGET_NAME)";
				PROVISIONING_PROFILE = "968CD3E5-7F99-4CF8-B66F-A8509069A540";
			};
			name = Release;
		};
		105DB99619FE228D00A28A72 /* Debug */ = {
			isa = XCBuildConfiguration;
			buildSettings = {
				BUNDLE_LOADER = "$(TEST_HOST)";
				FRAMEWORK_SEARCH_PATHS = (
					"$(SDKROOT)/Developer/Library/Frameworks",
					"$(inherited)",
				);
				GCC_PREPROCESSOR_DEFINITIONS = (
					"DEBUG=1",
					"$(inherited)",
				);
				INFOPLIST_FILE = demoTests/Info.plist;
				LD_RUNPATH_SEARCH_PATHS = "$(inherited) @executable_path/Frameworks @loader_path/Frameworks";
				PRODUCT_NAME = "$(TARGET_NAME)";
				TEST_HOST = "$(BUILT_PRODUCTS_DIR)/demo.app/demo";
			};
			name = Debug;
		};
		105DB99719FE228D00A28A72 /* Release */ = {
			isa = XCBuildConfiguration;
			buildSettings = {
				BUNDLE_LOADER = "$(TEST_HOST)";
				FRAMEWORK_SEARCH_PATHS = (
					"$(SDKROOT)/Developer/Library/Frameworks",
					"$(inherited)",
				);
				INFOPLIST_FILE = demoTests/Info.plist;
				LD_RUNPATH_SEARCH_PATHS = "$(inherited) @executable_path/Frameworks @loader_path/Frameworks";
				PRODUCT_NAME = "$(TARGET_NAME)";
				TEST_HOST = "$(BUILT_PRODUCTS_DIR)/demo.app/demo";
			};
			name = Release;
		};
/* End XCBuildConfiguration section */

/* Begin XCConfigurationList section */
		105DB96A19FE228D00A28A72 /* Build configuration list for PBXProject "demo" */ = {
			isa = XCConfigurationList;
			buildConfigurations = (
				105DB99019FE228D00A28A72 /* Debug */,
				105DB99119FE228D00A28A72 /* Release */,
			);
			defaultConfigurationIsVisible = 0;
			defaultConfigurationName = Release;
		};
		105DB99219FE228D00A28A72 /* Build configuration list for PBXNativeTarget "demo" */ = {
			isa = XCConfigurationList;
			buildConfigurations = (
				105DB99319FE228D00A28A72 /* Debug */,
				105DB99419FE228D00A28A72 /* Release */,
			);
			defaultConfigurationIsVisible = 0;
			defaultConfigurationName = Release;
		};
		105DB99519FE228D00A28A72 /* Build configuration list for PBXNativeTarget "demoTests" */ = {
			isa = XCConfigurationList;
			buildConfigurations = (
				105DB99619FE228D00A28A72 /* Debug */,
				105DB99719FE228D00A28A72 /* Release */,
			);
			defaultConfigurationIsVisible = 0;
			defaultConfigurationName = Release;
		};
/* End XCConfigurationList section */
	};
	rootObject = 105DB96719FE228D00A28A72 /* Project object */;
}
